
Microsoft Visual Studio Solution File, Format Version 12.00
# Visual Studio 15
VisualStudioVersion = 15.0.28307.572
MinimumVisualStudioVersion = 10.0.40219.1
Project("{FAE04EC0-301F-11D3-BF4B-00C04F79EFBC}") = "COMP123-S2019-Lesson8A", "COMP123-S2019-Lesson8A\COMP123-S2019-Lesson8A.csproj", "{1EF9B7B6-63FB-422E-9210-000BCBBB0FCA}"
EndProject
Global
	GlobalSection(SolutionConfigurationPlatforms) = preSolution
		Debug|Any CPU = Debug|Any CPU
		Release|Any CPU = Release|Any CPU
	EndGlobalSection
	GlobalSection(ProjectConfigurationPlatforms) = postSolution
		{1EF9B7B6-63FB-422E-9210-000BCBBB0FCA}.Debug|Any CPU.ActiveCfg = Debug|Any CPU
		{1EF9B7B6-63FB-422E-9210-000BCBBB0FCA}.Debug|Any CPU.Build.0 = Debug|Any CPU
		{1EF9B7B6-63FB-422E-9210-000BCBBB0FCA}.Release|Any CPU.ActiveCfg = Release|Any CPU
		{1EF9B7B6-63FB-422E-9210-000BCBBB0FCA}.Release|Any CPU.Build.0 = Release|Any CPU
	EndGlobalSection
	GlobalSection(SolutionProperties) = preSolution
		HideSolutionNode = FALSE
	EndGlobalSection
	GlobalSection(ExtensibilityGlobals) = postSolution
		SolutionGuid = {D2651D30-888B-4963-A83A-9EA9CC24FED8}
	EndGlobalSection
EndGlobal
